
Microsoft Visual Studio Solution File, Format Version 12.00
# Visual Studio 2012
Project("{FAE04EC0-301F-11D3-BF4B-00C04F79EFBC}") = "TableHockey1", "TableHockey1\TableHockey1.csproj", "{7A2AEA84-7784-4909-AED0-1A11E3B22056}"
EndProject
Project("{FAE04EC0-301F-11D3-BF4B-00C04F79EFBC}") = "TableHockeyData", "ClassLibrary1\TableHockeyData.csproj", "{7B488E2B-E0E0-441F-BE29-67D6CDFC4988}"
EndProject
Project("{2150E333-8FDC-42A3-9474-1A3956D46DE8}") = ".nuget", ".nuget", "{EBF153C2-55DB-49F1-BEA4-196949EF90C9}"
	ProjectSection(SolutionItems) = preProject
		.nuget\NuGet.Config = .nuget\NuGet.Config
		.nuget\NuGet.exe = .nuget\NuGet.exe
		.nuget\NuGet.targets = .nuget\NuGet.targets
	EndProjectSection
EndProject
Global
	GlobalSection(TeamFoundationVersionControl) = preSolution
		SccNumberOfProjects = 3
		SccEnterpriseProvider = {4CA58AB2-18FA-4F8D-95D4-32DDF27D184C}
		SccTeamFoundationServer = https://jgafvels.visualstudio.com/defaultcollection
		SccLocalPath0 = .
		SccProjectUniqueName1 = TableHockey1\\TableHockey1.csproj
		SccProjectName1 = TableHockey1
		SccLocalPath1 = TableHockey1
		SccProjectUniqueName2 = ClassLibrary1\\TableHockeyData.csproj
		SccProjectName2 = ClassLibrary1
		SccLocalPath2 = ClassLibrary1
	EndGlobalSection
	GlobalSection(SolutionConfigurationPlatforms) = preSolution
		Debug|Any CPU = Debug|Any CPU
		Debug|Mixed Platforms = Debug|Mixed Platforms
		Debug|x86 = Debug|x86
		Release|Any CPU = Release|Any CPU
		Release|Mixed Platforms = Release|Mixed Platforms
		Release|x86 = Release|x86
	EndGlobalSection
	GlobalSection(ProjectConfigurationPlatforms) = postSolution
		{7A2AEA84-7784-4909-AED0-1A11E3B22056}.Debug|Any CPU.ActiveCfg = Debug|Any CPU
		{7A2AEA84-7784-4909-AED0-1A11E3B22056}.Debug|Any CPU.Build.0 = Debug|Any CPU
		{7A2AEA84-7784-4909-AED0-1A11E3B22056}.Debug|Mixed Platforms.ActiveCfg = Release|Any CPU
		{7A2AEA84-7784-4909-AED0-1A11E3B22056}.Debug|Mixed Platforms.Build.0 = Release|Any CPU
		{7A2AEA84-7784-4909-AED0-1A11E3B22056}.Debug|x86.ActiveCfg = Debug|Any CPU
		{7A2AEA84-7784-4909-AED0-1A11E3B22056}.Release|Any CPU.ActiveCfg = Release|Any CPU
		{7A2AEA84-7784-4909-AED0-1A11E3B22056}.Release|Any CPU.Build.0 = Release|Any CPU
		{7A2AEA84-7784-4909-AED0-1A11E3B22056}.Release|Mixed Platforms.ActiveCfg = Release|Any CPU
		{7A2AEA84-7784-4909-AED0-1A11E3B22056}.Release|Mixed Platforms.Build.0 = Release|Any CPU
		{7A2AEA84-7784-4909-AED0-1A11E3B22056}.Release|x86.ActiveCfg = Release|Any CPU
		{7B488E2B-E0E0-441F-BE29-67D6CDFC4988}.Debug|Any CPU.ActiveCfg = Debug|Any CPU
		{7B488E2B-E0E0-441F-BE29-67D6CDFC4988}.Debug|Any CPU.Build.0 = Debug|Any CPU
		{7B488E2B-E0E0-441F-BE29-67D6CDFC4988}.Debug|Mixed Platforms.ActiveCfg = Release|Any CPU
		{7B488E2B-E0E0-441F-BE29-67D6CDFC4988}.Debug|Mixed Platforms.Build.0 = Release|Any CPU
		{7B488E2B-E0E0-441F-BE29-67D6CDFC4988}.Debug|Mixed Platforms.Deploy.0 = Release|Any CPU
		{7B488E2B-E0E0-441F-BE29-67D6CDFC4988}.Debug|x86.ActiveCfg = Debug|Any CPU
		{7B488E2B-E0E0-441F-BE29-67D6CDFC4988}.Release|Any CPU.ActiveCfg = Release|Any CPU
		{7B488E2B-E0E0-441F-BE29-67D6CDFC4988}.Release|Any CPU.Build.0 = Release|Any CPU
		{7B488E2B-E0E0-441F-BE29-67D6CDFC4988}.Release|Mixed Platforms.ActiveCfg = Release|Any CPU
		{7B488E2B-E0E0-441F-BE29-67D6CDFC4988}.Release|Mixed Platforms.Build.0 = Release|Any CPU
		{7B488E2B-E0E0-441F-BE29-67D6CDFC4988}.Release|x86.ActiveCfg = Release|Any CPU
	EndGlobalSection
	GlobalSection(SolutionProperties) = preSolution
		HideSolutionNode = FALSE
	EndGlobalSection
EndGlobal
